[root]
name = "ivancerust"
version = "0.0.1"
dependencies = [
 "time 0.1.17 (git+https://github.com/rust-lang/time)",
]

[[package]]
name = "gcc"
version = "0.1.7"
source = "registry+https://github.com/rust-lang/crates.io-index"

[[package]]
name = "libc"
version = "0.1.2"
source = "registry+https://github.com/rust-lang/crates.io-index"

[[package]]
name = "time"
version = "0.1.17"
source = "git+https://github.com/rust-lang/time#0960d5e21b332088b04f62117514b0a02fd31259"
dependencies = [
 "gcc 0.1.7 (registry+https://github.com/rust-lang/crates.io-index)",
 "libc 0.1.2 (registry+https://github.com/rust-lang/crates.io-index)",
]

